
Microsoft Visual Studio Solution File, Format Version 12.00
# Visual Studio Version 17
VisualStudioVersion = 17.8.34330.188
MinimumVisualStudioVersion = 10.0.40219.1
Project("{FAE04EC0-301F-11D3-BF4B-00C04F79EFBC}") = "DependancyInjection", "DependancyInjection\DependancyInjection.csproj", "{54A8FF47-F8C4-41E1-A409-231385BE9AD3}"
EndProject
Global
	GlobalSection(SolutionConfigurationPlatforms) = preSolution
		Debug|Any CPU = Debug|Any CPU
		Release|Any CPU = Release|Any CPU
	EndGlobalSection
	GlobalSection(ProjectConfigurationPlatforms) = postSolution
		{54A8FF47-F8C4-41E1-A409-231385BE9AD3}.Debug|Any CPU.ActiveCfg = Debug|Any CPU
		{54A8FF47-F8C4-41E1-A409-231385BE9AD3}.Debug|Any CPU.Build.0 = Debug|Any CPU
		{54A8FF47-F8C4-41E1-A409-231385BE9AD3}.Release|Any CPU.ActiveCfg = Release|Any CPU
		{54A8FF47-F8C4-41E1-A409-231385BE9AD3}.Release|Any CPU.Build.0 = Release|Any CPU
	EndGlobalSection
	GlobalSection(SolutionProperties) = preSolution
		HideSolutionNode = FALSE
	EndGlobalSection
	GlobalSection(ExtensibilityGlobals) = postSolution
		SolutionGuid = {EA9F3B87-4882-4AE7-8226-7FC1CEA43DA0}
	EndGlobalSection
EndGlobal
